
Microsoft Visual Studio Solution File, Format Version 12.00
# Visual Studio Version 16
VisualStudioVersion = 25.0.1700.0
MinimumVisualStudioVersion = 10.0.40219.1
Project("{FAE04EC0-301F-11D3-BF4B-00C04F79EFBC}") = "Sample301", "Sample301\Sample301.csproj", "{42E3BDF2-6F3A-4921-9E36-0E73F299AF4B}"
EndProject
Project("{FAE04EC0-301F-11D3-BF4B-00C04F79EFBC}") = "Sample302", "Sample302\Sample302.csproj", "{2336D68E-D9C4-414B-B5B7-FA09F3CCBC2C}"
EndProject
Project("{FAE04EC0-301F-11D3-BF4B-00C04F79EFBC}") = "Sample304", "Sample304\Sample304.csproj", "{48EA7BD3-91BC-491D-B0C6-5199D450474A}"
EndProject
Project("{FAE04EC0-301F-11D3-BF4B-00C04F79EFBC}") = "Sample3_1_example", "Sample3_1_example\Sample3_1_example.csproj", "{6A1CBD8D-0697-4085-9E25-E93CBCC3F6D2}"
EndProject
Project("{2150E333-8FDC-42A3-9474-1A3956D46DE8}") = "Solution Items", "Solution Items", "{F60B20CD-FBB2-45C2-AD61-AC8522186155}"
	ProjectSection(SolutionItems) = preProject
		.editorconfig = .editorconfig
	EndProjectSection
EndProject
Project("{FAE04EC0-301F-11D3-BF4B-00C04F79EFBC}") = "Sample3_2_example", "Sample3_2_example\Sample3_2_example.csproj", "{04EAE4F9-BD81-4821-9412-18E7F5BC6ECF}"
EndProject
Global
	GlobalSection(SolutionConfigurationPlatforms) = preSolution
		Debug|Any CPU = Debug|Any CPU
		Release|Any CPU = Release|Any CPU
	EndGlobalSection
	GlobalSection(ProjectConfigurationPlatforms) = postSolution
		{42E3BDF2-6F3A-4921-9E36-0E73F299AF4B}.Debug|Any CPU.ActiveCfg = Debug|Any CPU
		{42E3BDF2-6F3A-4921-9E36-0E73F299AF4B}.Debug|Any CPU.Build.0 = Debug|Any CPU
		{42E3BDF2-6F3A-4921-9E36-0E73F299AF4B}.Release|Any CPU.ActiveCfg = Release|Any CPU
		{42E3BDF2-6F3A-4921-9E36-0E73F299AF4B}.Release|Any CPU.Build.0 = Release|Any CPU
		{2336D68E-D9C4-414B-B5B7-FA09F3CCBC2C}.Debug|Any CPU.ActiveCfg = Debug|Any CPU
		{2336D68E-D9C4-414B-B5B7-FA09F3CCBC2C}.Debug|Any CPU.Build.0 = Debug|Any CPU
		{2336D68E-D9C4-414B-B5B7-FA09F3CCBC2C}.Release|Any CPU.ActiveCfg = Release|Any CPU
		{2336D68E-D9C4-414B-B5B7-FA09F3CCBC2C}.Release|Any CPU.Build.0 = Release|Any CPU
		{48EA7BD3-91BC-491D-B0C6-5199D450474A}.Debug|Any CPU.ActiveCfg = Debug|Any CPU
		{48EA7BD3-91BC-491D-B0C6-5199D450474A}.Debug|Any CPU.Build.0 = Debug|Any CPU
		{48EA7BD3-91BC-491D-B0C6-5199D450474A}.Release|Any CPU.ActiveCfg = Release|Any CPU
		{48EA7BD3-91BC-491D-B0C6-5199D450474A}.Release|Any CPU.Build.0 = Release|Any CPU
		{6A1CBD8D-0697-4085-9E25-E93CBCC3F6D2}.Debug|Any CPU.ActiveCfg = Debug|Any CPU
		{6A1CBD8D-0697-4085-9E25-E93CBCC3F6D2}.Debug|Any CPU.Build.0 = Debug|Any CPU
		{6A1CBD8D-0697-4085-9E25-E93CBCC3F6D2}.Release|Any CPU.ActiveCfg = Release|Any CPU
		{6A1CBD8D-0697-4085-9E25-E93CBCC3F6D2}.Release|Any CPU.Build.0 = Release|Any CPU
		{04EAE4F9-BD81-4821-9412-18E7F5BC6ECF}.Debug|Any CPU.ActiveCfg = Debug|Any CPU
		{04EAE4F9-BD81-4821-9412-18E7F5BC6ECF}.Debug|Any CPU.Build.0 = Debug|Any CPU
		{04EAE4F9-BD81-4821-9412-18E7F5BC6ECF}.Release|Any CPU.ActiveCfg = Release|Any CPU
		{04EAE4F9-BD81-4821-9412-18E7F5BC6ECF}.Release|Any CPU.Build.0 = Release|Any CPU
	EndGlobalSection
	GlobalSection(SolutionProperties) = preSolution
		HideSolutionNode = FALSE
	EndGlobalSection
	GlobalSection(ExtensibilityGlobals) = postSolution
		SolutionGuid = {F7F6D50A-22D1-4B2A-8770-EA93ED53D592}
	EndGlobalSection
EndGlobal
